
Microsoft Visual Studio Solution File, Format Version 12.00
# Visual Studio 14
VisualStudioVersion = 14.0.25420.1
MinimumVisualStudioVersion = 10.0.40219.1
Project("{FAE04EC0-301F-11D3-BF4B-00C04F79EFBC}") = "BloodBank", "UserInterfaces\BloodBank.csproj", "{E089C86B-E8D2-4A62-A121-22AE909E5FF0}"
	ProjectSection(ProjectDependencies) = postProject
		{4992B88F-8AC5-4733-BF0B-3900AB1F6273} = {4992B88F-8AC5-4733-BF0B-3900AB1F6273}
	EndProjectSection
EndProject
Project("{FAE04EC0-301F-11D3-BF4B-00C04F79EFBC}") = "BloodBank.Core", "BloodBank.Core\BloodBank.Core.csproj", "{5D1B7941-99EC-4F06-8B42-82B891C9224C}"
	ProjectSection(ProjectDependencies) = postProject
		{25DEFE14-7169-431E-87C5-1B00C079FC9A} = {25DEFE14-7169-431E-87C5-1B00C079FC9A}
		{4992B88F-8AC5-4733-BF0B-3900AB1F6273} = {4992B88F-8AC5-4733-BF0B-3900AB1F6273}
	EndProjectSection
EndProject
Project("{FAE04EC0-301F-11D3-BF4B-00C04F79EFBC}") = "BloodBank.Data", "BloodBank.Data\BloodBank.Data.csproj", "{25DEFE14-7169-431E-87C5-1B00C079FC9A}"
	ProjectSection(ProjectDependencies) = postProject
		{4992B88F-8AC5-4733-BF0B-3900AB1F6273} = {4992B88F-8AC5-4733-BF0B-3900AB1F6273}
	EndProjectSection
EndProject
Project("{FAE04EC0-301F-11D3-BF4B-00C04F79EFBC}") = "BloodBank.Entity", "BloodBank.Entity\BloodBank.Entity.csproj", "{4992B88F-8AC5-4733-BF0B-3900AB1F6273}"
EndProject
Global
	GlobalSection(SolutionConfigurationPlatforms) = preSolution
		Debug|Any CPU = Debug|Any CPU
		Release|Any CPU = Release|Any CPU
	EndGlobalSection
	GlobalSection(ProjectConfigurationPlatforms) = postSolution
		{E089C86B-E8D2-4A62-A121-22AE909E5FF0}.Debug|Any CPU.ActiveCfg = Release|Any CPU
		{E089C86B-E8D2-4A62-A121-22AE909E5FF0}.Debug|Any CPU.Build.0 = Release|Any CPU
		{E089C86B-E8D2-4A62-A121-22AE909E5FF0}.Release|Any CPU.ActiveCfg = Release|Any CPU
		{E089C86B-E8D2-4A62-A121-22AE909E5FF0}.Release|Any CPU.Build.0 = Release|Any CPU
		{5D1B7941-99EC-4F06-8B42-82B891C9224C}.Debug|Any CPU.ActiveCfg = Release|Any CPU
		{5D1B7941-99EC-4F06-8B42-82B891C9224C}.Debug|Any CPU.Build.0 = Release|Any CPU
		{5D1B7941-99EC-4F06-8B42-82B891C9224C}.Release|Any CPU.ActiveCfg = Release|Any CPU
		{5D1B7941-99EC-4F06-8B42-82B891C9224C}.Release|Any CPU.Build.0 = Release|Any CPU
		{25DEFE14-7169-431E-87C5-1B00C079FC9A}.Debug|Any CPU.ActiveCfg = Release|Any CPU
		{25DEFE14-7169-431E-87C5-1B00C079FC9A}.Debug|Any CPU.Build.0 = Release|Any CPU
		{25DEFE14-7169-431E-87C5-1B00C079FC9A}.Release|Any CPU.ActiveCfg = Release|Any CPU
		{25DEFE14-7169-431E-87C5-1B00C079FC9A}.Release|Any CPU.Build.0 = Release|Any CPU
		{4992B88F-8AC5-4733-BF0B-3900AB1F6273}.Debug|Any CPU.ActiveCfg = Release|Any CPU
		{4992B88F-8AC5-4733-BF0B-3900AB1F6273}.Debug|Any CPU.Build.0 = Release|Any CPU
		{4992B88F-8AC5-4733-BF0B-3900AB1F6273}.Release|Any CPU.ActiveCfg = Release|Any CPU
		{4992B88F-8AC5-4733-BF0B-3900AB1F6273}.Release|Any CPU.Build.0 = Release|Any CPU
	EndGlobalSection
	GlobalSection(SolutionProperties) = preSolution
		HideSolutionNode = FALSE
	EndGlobalSection
EndGlobal
